
Microsoft Visual Studio Solution File, Format Version 9.00
# Visual Studio 2005
Project("{FAE04EC0-301F-11D3-BF4B-00C04F79EFBC}") = "ReaderDemo", "ReaderDemo.csproj", "{265C6825-0D5A-4D2D-8250-9965F6411961}"
EndProject
Global
	GlobalSection(SolutionConfigurationPlatforms) = preSolution
		Debug|Any CPU = Debug|Any CPU
		Release|Any CPU = Release|Any CPU
	EndGlobalSection
	GlobalSection(ProjectConfigurationPlatforms) = postSolution
		{265C6825-0D5A-4D2D-8250-9965F6411961}.Debug|Any CPU.ActiveCfg = Debug|Any CPU
		{265C6825-0D5A-4D2D-8250-9965F6411961}.Debug|Any CPU.Build.0 = Debug|Any CPU
		{265C6825-0D5A-4D2D-8250-9965F6411961}.Release|Any CPU.ActiveCfg = Release|Any CPU
		{265C6825-0D5A-4D2D-8250-9965F6411961}.Release|Any CPU.Build.0 = Release|Any CPU
	EndGlobalSection
	GlobalSection(SolutionProperties) = preSolution
		HideSolutionNode = FALSE
	EndGlobalSection
EndGlobal
